
Microsoft Visual Studio Solution File, Format Version 12.00
# Visual Studio Version 17
VisualStudioVersion = 17.10.35027.167
MinimumVisualStudioVersion = 10.0.40219.1
Project("{FAE04EC0-301F-11D3-BF4B-00C04F79EFBC}") = "MvcMovie", "MvcMovie\MvcMovie.csproj", "{01FE15A1-37B1-46B7-801E-64811AA503FA}"
EndProject
Global
	GlobalSection(SolutionConfigurationPlatforms) = preSolution
		Debug|Any CPU = Debug|Any CPU
		Release|Any CPU = Release|Any CPU
	EndGlobalSection
	GlobalSection(ProjectConfigurationPlatforms) = postSolution
		{01FE15A1-37B1-46B7-801E-64811AA503FA}.Debug|Any CPU.ActiveCfg = Debug|Any CPU
		{01FE15A1-37B1-46B7-801E-64811AA503FA}.Debug|Any CPU.Build.0 = Debug|Any CPU
		{01FE15A1-37B1-46B7-801E-64811AA503FA}.Release|Any CPU.ActiveCfg = Release|Any CPU
		{01FE15A1-37B1-46B7-801E-64811AA503FA}.Release|Any CPU.Build.0 = Release|Any CPU
	EndGlobalSection
	GlobalSection(SolutionProperties) = preSolution
		HideSolutionNode = FALSE
	EndGlobalSection
	GlobalSection(ExtensibilityGlobals) = postSolution
		SolutionGuid = {A1B98C77-F316-49E5-AB39-2342D59FA8B8}
	EndGlobalSection
EndGlobal
